
Microsoft Visual Studio Solution File, Format Version 12.00
# Visual Studio 14
VisualStudioVersion = 14.0.23107.0
MinimumVisualStudioVersion = 10.0.40219.1
Project("{2150E333-8FDC-42A3-9474-1A3956D46DE8}") = "HunieBot2", "HunieBot2", "{D2CB0187-EFE3-4A5C-B4C6-A2F16DCDF7CA}"
EndProject
Project("{FAE04EC0-301F-11D3-BF4B-00C04F79EFBC}") = "HunieBot.Host", "HunieBot.Host\HunieBot.Host.csproj", "{8D7E0C36-E16A-442F-AD6B-6E8B2D922B34}"
EndProject
Project("{2150E333-8FDC-42A3-9474-1A3956D46DE8}") = "HunieBot Implementations", "HunieBot Implementations", "{AB3507BF-1E81-40A2-B58E-70E9A4B9E578}"
EndProject
Project("{FAE04EC0-301F-11D3-BF4B-00C04F79EFBC}") = "HunieBot.HelloWorld", "HunieBot.HelloWorld\HunieBot.HelloWorld.csproj", "{3BCF8FE6-01CA-4745-8ADC-08F1BC39B151}"
EndProject
Project("{2150E333-8FDC-42A3-9474-1A3956D46DE8}") = "HunieBot UI", "HunieBot UI", "{9D2D648D-18AA-422D-8217-04EB6B38C975}"
EndProject
Project("{FAE04EC0-301F-11D3-BF4B-00C04F79EFBC}") = "HunieBot2.Console", "HunieBot2.Console\HunieBot2.Console.csproj", "{7F402D52-E4AA-4777-BA7B-C87A6925D65F}"
EndProject
Project("{FAE04EC0-301F-11D3-BF4B-00C04F79EFBC}") = "HunieBot.DiceRoll", "HunieBot.DiceRoll\HunieBot.DiceRoll.csproj", "{8513DDAB-0879-4CF6-ABFE-6209AB0925CF}"
EndProject
Project("{FAE04EC0-301F-11D3-BF4B-00C04F79EFBC}") = "HunieBot.Danbooru", "HunieBot.Danbooru\HunieBot.Danbooru.csproj", "{8D3E8A05-EA07-4C4D-9704-5F6B637AB3E4}"
EndProject
Project("{FAE04EC0-301F-11D3-BF4B-00C04F79EFBC}") = "HunieBot.BlackJack", "HunieBot.BlackJack\HunieBot.BlackJack.csproj", "{BAD371BF-9306-424B-BE0E-EC7025BC57AD}"
EndProject
Project("{FAE04EC0-301F-11D3-BF4B-00C04F79EFBC}") = "HunieBot.MusicStream", "HunieBot.MusicStream\HunieBot.MusicStream.csproj", "{49FC8405-B200-4D38-B248-8498D068476C}"
EndProject
Project("{FAE04EC0-301F-11D3-BF4B-00C04F79EFBC}") = "HunieBot.WikipediaSearch", "HunieBot.SearchWikipedia\HunieBot.WikipediaSearch.csproj", "{90243FE4-D26C-49A2-9F26-84D410AA0406}"
EndProject
Project("{FAE04EC0-301F-11D3-BF4B-00C04F79EFBC}") = "HunieBot.WeatherForecast", "HunieBot.WeatherForecast\HunieBot.WeatherForecast.csproj", "{C0D56DCD-88DC-47BF-AF7C-28B5AB16A301}"
EndProject
Project("{FAE04EC0-301F-11D3-BF4B-00C04F79EFBC}") = "HunieBot.RandomCatImage", "HunieeBot2.RandomCatImage\HunieBot.RandomCatImage.csproj", "{60FA4785-74C8-4C6E-BEA5-26628580BDE5}"
EndProject
Global
	GlobalSection(SolutionConfigurationPlatforms) = preSolution
		Debug|Any CPU = Debug|Any CPU
		Release|Any CPU = Release|Any CPU
		TestResponses|Any CPU = TestResponses|Any CPU
	EndGlobalSection
	GlobalSection(ProjectConfigurationPlatforms) = postSolution
		{8D7E0C36-E16A-442F-AD6B-6E8B2D922B34}.Debug|Any CPU.ActiveCfg = Debug|Any CPU
		{8D7E0C36-E16A-442F-AD6B-6E8B2D922B34}.Debug|Any CPU.Build.0 = Debug|Any CPU
		{8D7E0C36-E16A-442F-AD6B-6E8B2D922B34}.Release|Any CPU.ActiveCfg = Release|Any CPU
		{8D7E0C36-E16A-442F-AD6B-6E8B2D922B34}.Release|Any CPU.Build.0 = Release|Any CPU
		{8D7E0C36-E16A-442F-AD6B-6E8B2D922B34}.TestResponses|Any CPU.ActiveCfg = Release|Any CPU
		{8D7E0C36-E16A-442F-AD6B-6E8B2D922B34}.TestResponses|Any CPU.Build.0 = Release|Any CPU
		{3BCF8FE6-01CA-4745-8ADC-08F1BC39B151}.Debug|Any CPU.ActiveCfg = Debug|Any CPU
		{3BCF8FE6-01CA-4745-8ADC-08F1BC39B151}.Debug|Any CPU.Build.0 = Debug|Any CPU
		{3BCF8FE6-01CA-4745-8ADC-08F1BC39B151}.Release|Any CPU.ActiveCfg = Release|Any CPU
		{3BCF8FE6-01CA-4745-8ADC-08F1BC39B151}.Release|Any CPU.Build.0 = Release|Any CPU
		{3BCF8FE6-01CA-4745-8ADC-08F1BC39B151}.TestResponses|Any CPU.ActiveCfg = Release|Any CPU
		{3BCF8FE6-01CA-4745-8ADC-08F1BC39B151}.TestResponses|Any CPU.Build.0 = Release|Any CPU
		{7F402D52-E4AA-4777-BA7B-C87A6925D65F}.Debug|Any CPU.ActiveCfg = Debug|Any CPU
		{7F402D52-E4AA-4777-BA7B-C87A6925D65F}.Debug|Any CPU.Build.0 = Debug|Any CPU
		{7F402D52-E4AA-4777-BA7B-C87A6925D65F}.Release|Any CPU.ActiveCfg = Release|Any CPU
		{7F402D52-E4AA-4777-BA7B-C87A6925D65F}.Release|Any CPU.Build.0 = Release|Any CPU
		{7F402D52-E4AA-4777-BA7B-C87A6925D65F}.TestResponses|Any CPU.ActiveCfg = Release|Any CPU
		{7F402D52-E4AA-4777-BA7B-C87A6925D65F}.TestResponses|Any CPU.Build.0 = Release|Any CPU
		{8513DDAB-0879-4CF6-ABFE-6209AB0925CF}.Debug|Any CPU.ActiveCfg = Debug|Any CPU
		{8513DDAB-0879-4CF6-ABFE-6209AB0925CF}.Debug|Any CPU.Build.0 = Debug|Any CPU
		{8513DDAB-0879-4CF6-ABFE-6209AB0925CF}.Release|Any CPU.ActiveCfg = Release|Any CPU
		{8513DDAB-0879-4CF6-ABFE-6209AB0925CF}.Release|Any CPU.Build.0 = Release|Any CPU
		{8513DDAB-0879-4CF6-ABFE-6209AB0925CF}.TestResponses|Any CPU.ActiveCfg = Release|Any CPU
		{8513DDAB-0879-4CF6-ABFE-6209AB0925CF}.TestResponses|Any CPU.Build.0 = Release|Any CPU
		{8D3E8A05-EA07-4C4D-9704-5F6B637AB3E4}.Debug|Any CPU.ActiveCfg = Debug|Any CPU
		{8D3E8A05-EA07-4C4D-9704-5F6B637AB3E4}.Debug|Any CPU.Build.0 = Debug|Any CPU
		{8D3E8A05-EA07-4C4D-9704-5F6B637AB3E4}.Release|Any CPU.ActiveCfg = Release|Any CPU
		{8D3E8A05-EA07-4C4D-9704-5F6B637AB3E4}.Release|Any CPU.Build.0 = Release|Any CPU
		{8D3E8A05-EA07-4C4D-9704-5F6B637AB3E4}.TestResponses|Any CPU.ActiveCfg = Release|Any CPU
		{8D3E8A05-EA07-4C4D-9704-5F6B637AB3E4}.TestResponses|Any CPU.Build.0 = Release|Any CPU
		{BAD371BF-9306-424B-BE0E-EC7025BC57AD}.Debug|Any CPU.ActiveCfg = Debug|Any CPU
		{BAD371BF-9306-424B-BE0E-EC7025BC57AD}.Debug|Any CPU.Build.0 = Debug|Any CPU
		{BAD371BF-9306-424B-BE0E-EC7025BC57AD}.Release|Any CPU.ActiveCfg = Release|Any CPU
		{BAD371BF-9306-424B-BE0E-EC7025BC57AD}.Release|Any CPU.Build.0 = Release|Any CPU
		{BAD371BF-9306-424B-BE0E-EC7025BC57AD}.TestResponses|Any CPU.ActiveCfg = Release|Any CPU
		{BAD371BF-9306-424B-BE0E-EC7025BC57AD}.TestResponses|Any CPU.Build.0 = Release|Any CPU
		{49FC8405-B200-4D38-B248-8498D068476C}.Debug|Any CPU.ActiveCfg = Debug|Any CPU
		{49FC8405-B200-4D38-B248-8498D068476C}.Debug|Any CPU.Build.0 = Debug|Any CPU
		{49FC8405-B200-4D38-B248-8498D068476C}.Release|Any CPU.ActiveCfg = Release|Any CPU
		{49FC8405-B200-4D38-B248-8498D068476C}.Release|Any CPU.Build.0 = Release|Any CPU
		{49FC8405-B200-4D38-B248-8498D068476C}.TestResponses|Any CPU.ActiveCfg = Release|Any CPU
		{49FC8405-B200-4D38-B248-8498D068476C}.TestResponses|Any CPU.Build.0 = Release|Any CPU
		{90243FE4-D26C-49A2-9F26-84D410AA0406}.Debug|Any CPU.ActiveCfg = Debug|Any CPU
		{90243FE4-D26C-49A2-9F26-84D410AA0406}.Debug|Any CPU.Build.0 = Debug|Any CPU
		{90243FE4-D26C-49A2-9F26-84D410AA0406}.Release|Any CPU.ActiveCfg = Release|Any CPU
		{90243FE4-D26C-49A2-9F26-84D410AA0406}.Release|Any CPU.Build.0 = Release|Any CPU
		{90243FE4-D26C-49A2-9F26-84D410AA0406}.TestResponses|Any CPU.ActiveCfg = Release|Any CPU
		{90243FE4-D26C-49A2-9F26-84D410AA0406}.TestResponses|Any CPU.Build.0 = Release|Any CPU
		{C0D56DCD-88DC-47BF-AF7C-28B5AB16A301}.Debug|Any CPU.ActiveCfg = Debug|Any CPU
		{C0D56DCD-88DC-47BF-AF7C-28B5AB16A301}.Debug|Any CPU.Build.0 = Debug|Any CPU
		{C0D56DCD-88DC-47BF-AF7C-28B5AB16A301}.Release|Any CPU.ActiveCfg = Release|Any CPU
		{C0D56DCD-88DC-47BF-AF7C-28B5AB16A301}.Release|Any CPU.Build.0 = Release|Any CPU
		{C0D56DCD-88DC-47BF-AF7C-28B5AB16A301}.TestResponses|Any CPU.ActiveCfg = Release|Any CPU
		{C0D56DCD-88DC-47BF-AF7C-28B5AB16A301}.TestResponses|Any CPU.Build.0 = Release|Any CPU
		{60FA4785-74C8-4C6E-BEA5-26628580BDE5}.Debug|Any CPU.ActiveCfg = Debug|Any CPU
		{60FA4785-74C8-4C6E-BEA5-26628580BDE5}.Debug|Any CPU.Build.0 = Debug|Any CPU
		{60FA4785-74C8-4C6E-BEA5-26628580BDE5}.Release|Any CPU.ActiveCfg = Release|Any CPU
		{60FA4785-74C8-4C6E-BEA5-26628580BDE5}.Release|Any CPU.Build.0 = Release|Any CPU
		{60FA4785-74C8-4C6E-BEA5-26628580BDE5}.TestResponses|Any CPU.ActiveCfg = Release|Any CPU
		{60FA4785-74C8-4C6E-BEA5-26628580BDE5}.TestResponses|Any CPU.Build.0 = Release|Any CPU
	EndGlobalSection
	GlobalSection(SolutionProperties) = preSolution
		HideSolutionNode = FALSE
	EndGlobalSection
	GlobalSection(NestedProjects) = preSolution
		{8D7E0C36-E16A-442F-AD6B-6E8B2D922B34} = {D2CB0187-EFE3-4A5C-B4C6-A2F16DCDF7CA}
		{AB3507BF-1E81-40A2-B58E-70E9A4B9E578} = {D2CB0187-EFE3-4A5C-B4C6-A2F16DCDF7CA}
		{3BCF8FE6-01CA-4745-8ADC-08F1BC39B151} = {AB3507BF-1E81-40A2-B58E-70E9A4B9E578}
		{9D2D648D-18AA-422D-8217-04EB6B38C975} = {D2CB0187-EFE3-4A5C-B4C6-A2F16DCDF7CA}
		{7F402D52-E4AA-4777-BA7B-C87A6925D65F} = {9D2D648D-18AA-422D-8217-04EB6B38C975}
		{8513DDAB-0879-4CF6-ABFE-6209AB0925CF} = {AB3507BF-1E81-40A2-B58E-70E9A4B9E578}
		{8D3E8A05-EA07-4C4D-9704-5F6B637AB3E4} = {AB3507BF-1E81-40A2-B58E-70E9A4B9E578}
		{BAD371BF-9306-424B-BE0E-EC7025BC57AD} = {AB3507BF-1E81-40A2-B58E-70E9A4B9E578}
		{49FC8405-B200-4D38-B248-8498D068476C} = {AB3507BF-1E81-40A2-B58E-70E9A4B9E578}
		{90243FE4-D26C-49A2-9F26-84D410AA0406} = {AB3507BF-1E81-40A2-B58E-70E9A4B9E578}
		{C0D56DCD-88DC-47BF-AF7C-28B5AB16A301} = {AB3507BF-1E81-40A2-B58E-70E9A4B9E578}
		{60FA4785-74C8-4C6E-BEA5-26628580BDE5} = {AB3507BF-1E81-40A2-B58E-70E9A4B9E578}
	EndGlobalSection
EndGlobal
